// !$*UTF8*$!
{
	archiveVersion = 1;
	classes = {
	};
	objectVersion = 50;
	objects = {

/* Begin PBXBuildFile section */
		411AC57423306CC000FE0A69 /* UIStackView.swift in Sources */ = {isa = PBXBuildFile; fileRef = 411AC57323306CC000FE0A69 /* UIStackView.swift */; };
		41DB1996230F73B90098DADE /* AppDelegate.swift in Sources */ = {isa = PBXBuildFile; fileRef = 41DB1995230F73B90098DADE /* AppDelegate.swift */; };
		41DB1998230F73B90098DADE /* ViewController.swift in Sources */ = {isa = PBXBuildFile; fileRef = 41DB1997230F73B90098DADE /* ViewController.swift */; };
		41DB199B230F73B90098DADE /* Main.storyboard in Resources */ = {isa = PBXBuildFile; fileRef = 41DB1999230F73B90098DADE /* Main.storyboard */; };
		41DB199E230F73B90098DADE /* Stackview.xcdatamodeld in Sources */ = {isa = PBXBuildFile; fileRef = 41DB199C230F73B90098DADE /* Stackview.xcdatamodeld */; };
		41DB19A0230F73BA0098DADE /* Assets.xcassets in Resources */ = {isa = PBXBuildFile; fileRef = 41DB199F230F73BA0098DADE /* Assets.xcassets */; };
		41DB19A3230F73BA0098DADE /* LaunchScreen.storyboard in Resources */ = {isa = PBXBuildFile; fileRef = 41DB19A1230F73BA0098DADE /* LaunchScreen.storyboard */; };
		41DB19AB230F85140098DADE /* File.swift in Sources */ = {isa = PBXBuildFile; fileRef = 41DB19AA230F85140098DADE /* File.swift */; };
/* End PBXBuildFile section */

/* Begin PBXFileReference section */
		411AC57323306CC000FE0A69 /* UIStackView.swift */ = {isa = PBXFileReference; lastKnownFileType = sourcecode.swift; path = UIStackView.swift; sourceTree = "<group>"; };
		41DB1992230F73B90098DADE /* Stackview.app */ = {isa = PBXFileReference; explicitFileType = wrapper.application; includeInIndex = 0; path = Stackview.app; sourceTree = BUILT_PRODUCTS_DIR; };
		41DB1995230F73B90098DADE /* AppDelegate.swift */ = {isa = PBXFileReference; lastKnownFileType = sourcecode.swift; path = AppDelegate.swift; sourceTree = "<group>"; };
		41DB1997230F73B90098DADE /* ViewController.swift */ = {isa = PBXFileReference; lastKnownFileType = sourcecode.swift; path = ViewController.swift; sourceTree = "<group>"; };
		41DB199A230F73B90098DADE /* Base */ = {isa = PBXFileReference; lastKnownFileType = file.storyboard; name = Base; path = Base.lproj/Main.storyboard; sourceTree = "<group>"; };
		41DB199D230F73B90098DADE /* Stackview.xcdatamodel */ = {isa = PBXFileReference; lastKnownFileType = wrapper.xcdatamodel; path = Stackview.xcdatamodel; sourceTree = "<group>"; };
		41DB199F230F73BA0098DADE /* Assets.xcassets */ = {isa = PBXFileReference; lastKnownFileType = folder.assetcatalog; path = Assets.xcassets; sourceTree = "<group>"; };
		41DB19A2230F73BA0098DADE /* Base */ = {isa = PBXFileReference; lastKnownFileType = file.storyboard; name = Base; path = Base.lproj/LaunchScreen.storyboard; sourceTree = "<group>"; };
		41DB19A4230F73BA0098DADE /* Info.plist */ = {isa = PBXFileReference; lastKnownFileType = text.plist.xml; path = Info.plist; sourceTree = "<group>"; };
		41DB19AA230F85140098DADE /* File.swift */ = {isa = PBXFileReference; lastKnownFileType = sourcecode.swift; path = File.swift; sourceTree = "<group>"; };
/* End PBXFileReference section */

/* Begin PBXFrameworksBuildPhase section */
		41DB198F230F73B90098DADE /* Frameworks */ = {
			isa = PBXFrameworksBuildPhase;
			buildActionMask = 2147483647;
			files = (
			);
			runOnlyForDeploymentPostprocessing = 0;
		};
/* End PBXFrameworksBuildPhase section */

/* Begin PBXGroup section */
		41DB1989230F73B90098DADE = {
			isa = PBXGroup;
			children = (
				41DB1994230F73B90098DADE /* Stackview */,
				41DB1993230F73B90098DADE /* Products */,
			);
			sourceTree = "<group>";
		};
		41DB1993230F73B90098DADE /* Products */ = {
			isa = PBXGroup;
			children = (
				41DB1992230F73B90098DADE /* Stackview.app */,
			);
			name = Products;
			sourceTree = "<group>";
		};
		41DB1994230F73B90098DADE /* Stackview */ = {
			isa = PBXGroup;
			children = (
				41DB1995230F73B90098DADE /* AppDelegate.swift */,
				41DB1997230F73B90098DADE /* ViewController.swift */,
				41DB1999230F73B90098DADE /* Main.storyboard */,
				41DB199F230F73BA0098DADE /* Assets.xcassets */,
				41DB19A1230F73BA0098DADE /* LaunchScreen.storyboard */,
				41DB19A4230F73BA0098DADE /* Info.plist */,
				41DB199C230F73B90098DADE /* Stackview.xcdatamodeld */,
				41DB19AA230F85140098DADE /* File.swift */,
				411AC57323306CC000FE0A69 /* UIStackView.swift */,
			);
			path = Stackview;
			sourceTree = "<group>";
		};
/* End PBXGroup section */

/* Begin PBXNativeTarget section */
		41DB1991230F73B90098DADE /* Stackview */ = {
			isa = PBXNativeTarget;
			buildConfigurationList = 41DB19A7230F73BA0098DADE /* Build configuration list for PBXNativeTarget "Stackview" */;
			buildPhases = (
				41DB198E230F73B90098DADE /* Sources */,
				41DB198F230F73B90098DADE /* Frameworks */,
				41DB1990230F73B90098DADE /* Resources */,
			);
			buildRules = (
			);
			dependencies = (
			);
			name = Stackview;
			productName = Stackview;
			productReference = 41DB1992230F73B90098DADE /* Stackview.app */;
			productType = "com.apple.product-type.application";
		};
/* End PBXNativeTarget section */

/* Begin PBXProject section */
		41DB198A230F73B90098DADE /* Project object */ = {
			isa = PBXProject;
			attributes = {
				LastSwiftUpdateCheck = 1030;
				LastUpgradeCheck = 1030;
				ORGANIZATIONNAME = drs24;
				TargetAttributes = {
					41DB1991230F73B90098DADE = {
						CreatedOnToolsVersion = 10.3;
					};
				};
			};
			buildConfigurationList = 41DB198D230F73B90098DADE /* Build configuration list for PBXProject "Stackview" */;
			compatibilityVersion = "Xcode 9.3";
			developmentRegion = en;
			hasScannedForEncodings = 0;
			knownRegions = (
				en,
				Base,
			);
			mainGroup = 41DB1989230F73B90098DADE;
			productRefGroup = 41DB1993230F73B90098DADE /* Products */;
			projectDirPath = "";
			projectRoot = "";
			targets = (
				41DB1991230F73B90098DADE /* Stackview */,
			);
		};
/* End PBXProject section */

/* Begin PBXResourcesBuildPhase section */
		41DB1990230F73B90098DADE /* Resources */ = {
			isa = PBXResourcesBuildPhase;
			buildActionMask = 2147483647;
			files = (
				41DB19A3230F73BA0098DADE /* LaunchScreen.storyboard in Resources */,
				41DB19A0230F73BA0098DADE /* Assets.xcassets in Resources */,
				41DB199B230F73B90098DADE /* Main.storyboard in Resources */,
			);
			runOnlyForDeploymentPostprocessing = 0;
		};
/* End PBXResourcesBuildPhase section */

/* Begin PBXSourcesBuildPhase section */
		41DB198E230F73B90098DADE /* Sources */ = {
			isa = PBXSourcesBuildPhase;
			buildActionMask = 2147483647;
			files = (
				41DB1998230F73B90098DADE /* ViewController.swift in Sources */,
				41DB19AB230F85140098DADE /* File.swift in Sources */,
				411AC57423306CC000FE0A69 /* UIStackView.swift in Sources */,
				41DB1996230F73B90098DADE /* AppDelegate.swift in Sources */,
				41DB199E230F73B90098DADE /* Stackview.xcdatamodeld in Sources */,
			);
			runOnlyForDeploymentPostprocessing = 0;
		};
/* End PBXSourcesBuildPhase section */

/* Begin PBXVariantGroup section */
		41DB1999230F73B90098DADE /* Main.storyboard */ = {
			isa = PBXVariantGroup;
			children = (
				41DB199A230F73B90098DADE /* Base */,
			);
			name = Main.storyboard;
			sourceTree = "<group>";
		};
		41DB19A1230F73BA0098DADE /* LaunchScreen.storyboard */ = {
			isa = PBXVariantGroup;
			children = (
				41DB19A2230F73BA0098DADE /* Base */,
			);
			name = LaunchScreen.storyboard;
			sourceTree = "<group>";
		};
/* End PBXVariantGroup section */

/* Begin XCBuildConfiguration section */
		41DB19A5230F73BA0098DADE /* Debug */ = {
			isa = XCBuildConfiguration;
			buildSettings = {
				ALWAYS_SEARCH_USER_PATHS = NO;
				CLANG_ANALYZER_NONNULL = YES;
				CLANG_ANALYZER_NUMBER_OBJECT_CONVERSION = YES_AGGRESSIVE;
				CLANG_CXX_LANGUAGE_STANDARD = "gnu++14";
				CLANG_CXX_LIBRARY = "libc++";
				CLANG_ENABLE_MODULES = YES;
				CLANG_ENABLE_OBJC_ARC = YES;
				CLANG_ENABLE_OBJC_WEAK = YES;
				CLANG_WARN_BLOCK_CAPTURE_AUTORELEASING = YES;
				CLANG_WARN_BOOL_CONVERSION = YES;
				CLANG_WARN_COMMA = YES;
				CLANG_WARN_CONSTANT_CONVERSION = YES;
				CLANG_WARN_DEPRECATED_OBJC_IMPLEMENTATIONS = YES;
				CLANG_WARN_DIRECT_OBJC_ISA_USAGE = YES_ERROR;
				CLANG_WARN_DOCUMENTATION_COMMENTS = YES;
				CLANG_WARN_EMPTY_BODY = YES;
				CLANG_WARN_ENUM_CONVERSION = YES;
				CLANG_WARN_INFINITE_RECURSION = YES;
				CLANG_WARN_INT_CONVERSION = YES;
				CLANG_WARN_NON_LITERAL_NULL_CONVERSION = YES;
				CLANG_WARN_OBJC_IMPLICIT_RETAIN_SELF = YES;
				CLANG_WARN_OBJC_LITERAL_CONVERSION = YES;
				CLANG_WARN_OBJC_ROOT_CLASS = YES_ERROR;
				CLANG_WARN_RANGE_LOOP_ANALYSIS = YES;
				CLANG_WARN_STRICT_PROTOTYPES = YES;
				CLANG_WARN_SUSPICIOUS_MOVE = YES;
				CLANG_WARN_UNGUARDED_AVAILABILITY = YES_AGGRESSIVE;
				CLANG_WARN_UNREACHABLE_CODE = YES;
				CLANG_WARN__DUPLICATE_METHOD_MATCH = YES;
				CODE_SIGN_IDENTITY = "iPhone Developer";
				COPY_PHASE_STRIP = NO;
				DEBUG_INFORMATION_FORMAT = dwarf;
				ENABLE_STRICT_OBJC_MSGSEND = YES;
				ENABLE_TESTABILITY = YES;
				GCC_C_LANGUAGE_STANDARD = gnu11;
				GCC_DYNAMIC_NO_PIC = NO;
				GCC_NO_COMMON_BLOCKS = YES;
				GCC_OPTIMIZATION_LEVEL = 0;
				GCC_PREPROCESSOR_DEFINITIONS = (
					"DEBUG=1",
					"$(inherited)",
				);
				GCC_WARN_64_TO_32_BIT_CONVERSION = YES;
				GCC_WARN_ABOUT_RETURN_TYPE = YES_ERROR;
				GCC_WARN_UNDECLARED_SELECTOR = YES;
				GCC_WARN_UNINITIALIZED_AUTOS = YES_AGGRESSIVE;
				GCC_WARN_UNUSED_FUNCTION = YES;
				GCC_WARN_UNUSED_VARIABLE = YES;
				IPHONEOS_DEPLOYMENT_TARGET = 12.4;
				MTL_ENABLE_DEBUG_INFO = INCLUDE_SOURCE;
				MTL_FAST_MATH = YES;
				ONLY_ACTIVE_ARCH = YES;
				SDKROOT = iphoneos;
				SWIFT_ACTIVE_COMPILATION_CONDITIONS = DEBUG;
				SWIFT_OPTIMIZATION_LEVEL = "-Onone";
			};
			name = Debug;
		};
		41DB19A6230F73BA0098DADE /* Release */ = {
			isa = XCBuildConfiguration;
			buildSettings = {
				ALWAYS_SEARCH_USER_PATHS = NO;
				CLANG_ANALYZER_NONNULL = YES;
				CLANG_ANALYZER_NUMBER_OBJECT_CONVERSION = YES_AGGRESSIVE;
				CLANG_CXX_LANGUAGE_STANDARD = "gnu++14";
				CLANG_CXX_LIBRARY = "libc++";
				CLANG_ENABLE_MODULES = YES;
				CLANG_ENABLE_OBJC_ARC = YES;
				CLANG_ENABLE_OBJC_WEAK = YES;
				CLANG_WARN_BLOCK_CAPTURE_AUTORELEASING = YES;
				CLANG_WARN_BOOL_CONVERSION = YES;
				CLANG_WARN_COMMA = YES;
				CLANG_WARN_CONSTANT_CONVERSION = YES;
				CLANG_WARN_DEPRECATED_OBJC_IMPLEMENTATIONS = YES;
				CLANG_WARN_DIRECT_OBJC_ISA_USAGE = YES_ERROR;
				CLANG_WARN_DOCUMENTATION_COMMENTS = YES;
				CLANG_WARN_EMPTY_BODY = YES;
				CLANG_WARN_ENUM_CONVERSION = YES;
				CLANG_WARN_INFINITE_RECURSION = YES;
				CLANG_WARN_INT_CONVERSION = YES;
				CLANG_WARN_NON_LITERAL_NULL_CONVERSION = YES;
				CLANG_WARN_OBJC_IMPLICIT_RETAIN_SELF = YES;
				CLANG_WARN_OBJC_LITERAL_CONVERSION = YES;
				CLANG_WARN_OBJC_ROOT_CLASS = YES_ERROR;
				CLANG_WARN_RANGE_LOOP_ANALYSIS = YES;
				CLANG_WARN_STRICT_PROTOTYPES = YES;
				CLANG_WARN_SUSPICIOUS_MOVE = YES;
				CLANG_WARN_UNGUARDED_AVAILABILITY = YES_AGGRESSIVE;
				CLANG_WARN_UNREACHABLE_CODE = YES;
				CLANG_WARN__DUPLICATE_METHOD_MATCH = YES;
				CODE_SIGN_IDENTITY = "iPhone Developer";
				COPY_PHASE_STRIP = NO;
				DEBUG_INFORMATION_FORMAT = "dwarf-with-dsym";
				ENABLE_NS_ASSERTIONS = NO;
				ENABLE_STRICT_OBJC_MSGSEND = YES;
				GCC_C_LANGUAGE_STANDARD = gnu11;
				GCC_NO_COMMON_BLOCKS = YES;
				GCC_WARN_64_TO_32_BIT_CONVERSION = YES;
				GCC_WARN_ABOUT_RETURN_TYPE = YES_ERROR;
				GCC_WARN_UNDECLARED_SELECTOR = YES;
				GCC_WARN_UNINITIALIZED_AUTOS = YES_AGGRESSIVE;
				GCC_WARN_UNUSED_FUNCTION = YES;
				GCC_WARN_UNUSED_VARIABLE = YES;
				IPHONEOS_DEPLOYMENT_TARGET = 12.4;
				MTL_ENABLE_DEBUG_INFO = NO;
				MTL_FAST_MATH = YES;
				SDKROOT = iphoneos;
				SWIFT_COMPILATION_MODE = wholemodule;
				SWIFT_OPTIMIZATION_LEVEL = "-O";
				VALIDATE_PRODUCT = YES;
			};
			name = Release;
		};
		41DB19A8230F73BA0098DADE /* Debug */ = {
			isa = XCBuildConfiguration;
			buildSettings = {
				ASSETCATALOG_COMPILER_APPICON_NAME = AppIcon;
				CODE_SIGN_STYLE = Automatic;
				DEVELOPMENT_TEAM = 3PXPM5SP82;
				INFOPLIST_FILE = Stackview/Info.plist;
				LD_RUNPATH_SEARCH_PATHS = (
					"$(inherited)",
					"@executable_path/Frameworks",
				);
				PRODUCT_BUNDLE_IDENTIFIER = com.drs24.CoreDataSample.Stackview;
				PRODUCT_NAME = "$(TARGET_NAME)";
				SWIFT_VERSION = 5.0;
				TARGETED_DEVICE_FAMILY = "1,2";
			};
			name = Debug;
		};
		41DB19A9230F73BA0098DADE /* Release */ = {
			isa = XCBuildConfiguration;
			buildSettings = {
				ASSETCATALOG_COMPILER_APPICON_NAME = AppIcon;
				CODE_SIGN_STYLE = Automatic;
				DEVELOPMENT_TEAM = 3PXPM5SP82;
				INFOPLIST_FILE = Stackview/Info.plist;
				LD_RUNPATH_SEARCH_PATHS = (
					"$(inherited)",
					"@executable_path/Frameworks",
				);
				PRODUCT_BUNDLE_IDENTIFIER = com.drs24.CoreDataSample.Stackview;
				PRODUCT_NAME = "$(TARGET_NAME)";
				SWIFT_VERSION = 5.0;
				TARGETED_DEVICE_FAMILY = "1,2";
			};
			name = Release;
		};
/* End XCBuildConfiguration section */

/* Begin XCConfigurationList section */
		41DB198D230F73B90098DADE /* Build configuration list for PBXProject "Stackview" */ = {
			isa = XCConfigurationList;
			buildConfigurations = (
				41DB19A5230F73BA0098DADE /* Debug */,
				41DB19A6230F73BA0098DADE /* Release */,
			);
			defaultConfigurationIsVisible = 0;
			defaultConfigurationName = Release;
		};
		41DB19A7230F73BA0098DADE /* Build configuration list for PBXNativeTarget "Stackview" */ = {
			isa = XCConfigurationList;
			buildConfigurations = (
				41DB19A8230F73BA0098DADE /* Debug */,
				41DB19A9230F73BA0098DADE /* Release */,
			);
			defaultConfigurationIsVisible = 0;
			defaultConfigurationName = Release;
		};
/* End XCConfigurationList section */

/* Begin XCVersionGroup section */
		41DB199C230F73B90098DADE /* Stackview.xcdatamodeld */ = {
			isa = XCVersionGroup;
			children = (
				41DB199D230F73B90098DADE /* Stackview.xcdatamodel */,
			);
			currentVersion = 41DB199D230F73B90098DADE /* Stackview.xcdatamodel */;
			path = Stackview.xcdatamodeld;
			sourceTree = "<group>";
			versionGroupType = wrapper.xcdatamodel;
		};
/* End XCVersionGroup section */
	};
	rootObject = 41DB198A230F73B90098DADE /* Project object */;
}
